# This file is automatically @generated by Cargo.
# It is not intended for manual editing.
version = 3

[[package]]
name = "EVM"
version = "0.1.0"
dependencies = [
 "error_lib",
 "opcode_lib",
]

[[package]]
name = "error_lib"
version = "0.1.0"

[[package]]
name = "opcode_lib"
version = "0.1.0"
dependencies = [
 "error_lib",
]
